
Microsoft Visual Studio Solution File, Format Version 12.00
# Visual Studio Version 17
VisualStudioVersion = 17.7.34009.444
MinimumVisualStudioVersion = 10.0.40219.1
Project("{FAE04EC0-301F-11D3-BF4B-00C04F79EFBC}") = "SalesWebMvc", "SalesWebMvc\SalesWebMvc.csproj", "{DB2EF570-909A-45D0-B870-FA6838979544}"
EndProject
Global
	GlobalSection(SolutionConfigurationPlatforms) = preSolution
		Debug|Any CPU = Debug|Any CPU
		Release|Any CPU = Release|Any CPU
	EndGlobalSection
	GlobalSection(ProjectConfigurationPlatforms) = postSolution
		{DB2EF570-909A-45D0-B870-FA6838979544}.Debug|Any CPU.ActiveCfg = Debug|Any CPU
		{DB2EF570-909A-45D0-B870-FA6838979544}.Debug|Any CPU.Build.0 = Debug|Any CPU
		{DB2EF570-909A-45D0-B870-FA6838979544}.Release|Any CPU.ActiveCfg = Release|Any CPU
		{DB2EF570-909A-45D0-B870-FA6838979544}.Release|Any CPU.Build.0 = Release|Any CPU
	EndGlobalSection
	GlobalSection(SolutionProperties) = preSolution
		HideSolutionNode = FALSE
	EndGlobalSection
	GlobalSection(ExtensibilityGlobals) = postSolution
		SolutionGuid = {67CC4FE2-5698-4BE7-98CD-F65EC7B59542}
	EndGlobalSection
EndGlobal
